
Microsoft Visual Studio Solution File, Format Version 12.00
# Visual Studio Version 16
VisualStudioVersion = 16.0.28803.452
MinimumVisualStudioVersion = 10.0.40219.1
Project("{FAE04EC0-301F-11D3-BF4B-00C04F79EFBC}") = "BlazorServerSide", "BlazorServerSide\BlazorServerSide.csproj", "{38A5EABE-393B-40ED-944E-6A1957D18516}"
EndProject
Global
	GlobalSection(SolutionConfigurationPlatforms) = preSolution
		Debug|Any CPU = Debug|Any CPU
		Release|Any CPU = Release|Any CPU
	EndGlobalSection
	GlobalSection(ProjectConfigurationPlatforms) = postSolution
		{38A5EABE-393B-40ED-944E-6A1957D18516}.Debug|Any CPU.ActiveCfg = Debug|Any CPU
		{38A5EABE-393B-40ED-944E-6A1957D18516}.Debug|Any CPU.Build.0 = Debug|Any CPU
		{38A5EABE-393B-40ED-944E-6A1957D18516}.Release|Any CPU.ActiveCfg = Release|Any CPU
		{38A5EABE-393B-40ED-944E-6A1957D18516}.Release|Any CPU.Build.0 = Release|Any CPU
	EndGlobalSection
	GlobalSection(SolutionProperties) = preSolution
		HideSolutionNode = FALSE
	EndGlobalSection
	GlobalSection(ExtensibilityGlobals) = postSolution
		SolutionGuid = {C8A0F24F-375D-4D57-AB56-0D10B83D9699}
	EndGlobalSection
EndGlobal
